
Microsoft Visual Studio Solution File, Format Version 12.00
# Visual Studio Version 17
VisualStudioVersion = 17.5.002.0
MinimumVisualStudioVersion = 10.0.40219.1
Project("{9A19103F-16F7-4668-BE54-9A1E7A4F7556}") = "api", "api\api.csproj", "{C53DEFAD-B948-472D-A312-70DC994CB963}"
EndProject
Global
	GlobalSection(SolutionConfigurationPlatforms) = preSolution
		Debug|Any CPU = Debug|Any CPU
		Release|Any CPU = Release|Any CPU
	EndGlobalSection
	GlobalSection(ProjectConfigurationPlatforms) = postSolution
		{C53DEFAD-B948-472D-A312-70DC994CB963}.Debug|Any CPU.ActiveCfg = Debug|Any CPU
		{C53DEFAD-B948-472D-A312-70DC994CB963}.Debug|Any CPU.Build.0 = Debug|Any CPU
		{C53DEFAD-B948-472D-A312-70DC994CB963}.Release|Any CPU.ActiveCfg = Release|Any CPU
		{C53DEFAD-B948-472D-A312-70DC994CB963}.Release|Any CPU.Build.0 = Release|Any CPU
	EndGlobalSection
	GlobalSection(SolutionProperties) = preSolution
		HideSolutionNode = FALSE
	EndGlobalSection
	GlobalSection(ExtensibilityGlobals) = postSolution
		SolutionGuid = {86D1103C-54FC-4525-9A8E-1D7F2442ADDB}
	EndGlobalSection
EndGlobal
